// !$*UTF8*$!
{
	archiveVersion = 1;
	classes = {
	};
	objectVersion = 51;
	objects = {

/* Begin PBXBuildFile section */
		0211480D235C37B7003E77F0 /* AppDelegate.swift in Sources */ = {isa = PBXBuildFile; fileRef = 0211480C235C37B7003E77F0 /* AppDelegate.swift */; };
		0211480F235C37B7003E77F0 /* SceneDelegate.swift in Sources */ = {isa = PBXBuildFile; fileRef = 0211480E235C37B7003E77F0 /* SceneDelegate.swift */; };
		02114811235C37B7003E77F0 /* ViewController.swift in Sources */ = {isa = PBXBuildFile; fileRef = 02114810235C37B7003E77F0 /* ViewController.swift */; };
		02114814235C37B7003E77F0 /* Main.storyboard in Resources */ = {isa = PBXBuildFile; fileRef = 02114812235C37B7003E77F0 /* Main.storyboard */; };
		02114817235C37B7003E77F0 /* eightDays.xcdatamodeld in Sources */ = {isa = PBXBuildFile; fileRef = 02114815235C37B7003E77F0 /* eightDays.xcdatamodeld */; };
		02114819235C37BA003E77F0 /* Assets.xcassets in Resources */ = {isa = PBXBuildFile; fileRef = 02114818235C37BA003E77F0 /* Assets.xcassets */; };
		0211481C235C37BA003E77F0 /* LaunchScreen.storyboard in Resources */ = {isa = PBXBuildFile; fileRef = 0211481A235C37BA003E77F0 /* LaunchScreen.storyboard */; };
		022788EC23780E9900B88E0D /* SearchViewController.swift in Sources */ = {isa = PBXBuildFile; fileRef = 022788EB23780E9900B88E0D /* SearchViewController.swift */; };
		022788EE23780F5900B88E0D /* CustomSegue.swift in Sources */ = {isa = PBXBuildFile; fileRef = 022788ED23780F5900B88E0D /* CustomSegue.swift */; };
		022788F02378238600B88E0D /* SettingViewController.swift in Sources */ = {isa = PBXBuildFile; fileRef = 022788EF2378238600B88E0D /* SettingViewController.swift */; };
		022788F2237830EA00B88E0D /* SettingTableViewCell.swift in Sources */ = {isa = PBXBuildFile; fileRef = 022788F1237830EA00B88E0D /* SettingTableViewCell.swift */; };
		022788FA23784EA000B88E0D /* PlaceViewController.swift in Sources */ = {isa = PBXBuildFile; fileRef = 022788F923784EA000B88E0D /* PlaceViewController.swift */; };
		0227890123784FC400B88E0D /* PlaceMainTableViewCell.swift in Sources */ = {isa = PBXBuildFile; fileRef = 0227890023784FC400B88E0D /* PlaceMainTableViewCell.swift */; };
		022789032378505B00B88E0D /* PlaceTextOnlyTableViewCell.swift in Sources */ = {isa = PBXBuildFile; fileRef = 022789022378505B00B88E0D /* PlaceTextOnlyTableViewCell.swift */; };
		024180E52369D54900185690 /* MainNavigationController.swift in Sources */ = {isa = PBXBuildFile; fileRef = 024180E42369D54900185690 /* MainNavigationController.swift */; };
		0262245F2365AEC9008DD7E0 /* Place.swift in Sources */ = {isa = PBXBuildFile; fileRef = 0262245E2365AEC9008DD7E0 /* Place.swift */; };
		026224612365AFF1008DD7E0 /* Weather.swift in Sources */ = {isa = PBXBuildFile; fileRef = 026224602365AFF1008DD7E0 /* Weather.swift */; };
		026224632365B05A008DD7E0 /* Hotel.swift in Sources */ = {isa = PBXBuildFile; fileRef = 026224622365B05A008DD7E0 /* Hotel.swift */; };
		026224652365B0DE008DD7E0 /* Flight.swift in Sources */ = {isa = PBXBuildFile; fileRef = 026224642365B0DE008DD7E0 /* Flight.swift */; };
		026224672365BE8F008DD7E0 /* MainTableViewCell.swift in Sources */ = {isa = PBXBuildFile; fileRef = 026224662365BE8F008DD7E0 /* MainTableViewCell.swift */; };
		026224692365BFBC008DD7E0 /* MainTableViewController.swift in Sources */ = {isa = PBXBuildFile; fileRef = 026224682365BFBC008DD7E0 /* MainTableViewController.swift */; };
		02F1D95A2365E340003449BE /* GoogleService-Info.plist in Resources */ = {isa = PBXBuildFile; fileRef = 02F1D9592365E340003449BE /* GoogleService-Info.plist */; };
		02F2EE27236EE0B700195B95 /* CurationTableViewCell.swift in Sources */ = {isa = PBXBuildFile; fileRef = 02F2EE26236EE0B700195B95 /* CurationTableViewCell.swift */; };
		02F2EE29236EE34E00195B95 /* CurationCollectionViewCell.swift in Sources */ = {isa = PBXBuildFile; fileRef = 02F2EE28236EE34E00195B95 /* CurationCollectionViewCell.swift */; };
		0E2F9A0FF166912EBFF30B9B /* Pods_eightDays.framework in Frameworks */ = {isa = PBXBuildFile; fileRef = 13F94D76FB157099D5D8D3E3 /* Pods_eightDays.framework */; };
/* End PBXBuildFile section */

/* Begin PBXFileReference section */
		02114809235C37B7003E77F0 /* eightDays.app */ = {isa = PBXFileReference; explicitFileType = wrapper.application; includeInIndex = 0; path = eightDays.app; sourceTree = BUILT_PRODUCTS_DIR; };
		0211480C235C37B7003E77F0 /* AppDelegate.swift */ = {isa = PBXFileReference; lastKnownFileType = sourcecode.swift; path = AppDelegate.swift; sourceTree = "<group>"; };
		0211480E235C37B7003E77F0 /* SceneDelegate.swift */ = {isa = PBXFileReference; lastKnownFileType = sourcecode.swift; path = SceneDelegate.swift; sourceTree = "<group>"; };
		02114810235C37B7003E77F0 /* ViewController.swift */ = {isa = PBXFileReference; lastKnownFileType = sourcecode.swift; path = ViewController.swift; sourceTree = "<group>"; };
		02114813235C37B7003E77F0 /* Base */ = {isa = PBXFileReference; lastKnownFileType = file.storyboard; name = Base; path = Base.lproj/Main.storyboard; sourceTree = "<group>"; };
		02114816235C37B7003E77F0 /* eightDays.xcdatamodel */ = {isa = PBXFileReference; lastKnownFileType = wrapper.xcdatamodel; path = eightDays.xcdatamodel; sourceTree = "<group>"; };
		02114818235C37BA003E77F0 /* Assets.xcassets */ = {isa = PBXFileReference; lastKnownFileType = folder.assetcatalog; path = Assets.xcassets; sourceTree = "<group>"; };
		0211481B235C37BA003E77F0 /* Base */ = {isa = PBXFileReference; lastKnownFileType = file.storyboard; name = Base; path = Base.lproj/LaunchScreen.storyboard; sourceTree = "<group>"; };
		0211481D235C37BA003E77F0 /* Info.plist */ = {isa = PBXFileReference; lastKnownFileType = text.plist.xml; path = Info.plist; sourceTree = "<group>"; };
		022788EB23780E9900B88E0D /* SearchViewController.swift */ = {isa = PBXFileReference; lastKnownFileType = sourcecode.swift; path = SearchViewController.swift; sourceTree = "<group>"; };
		022788ED23780F5900B88E0D /* CustomSegue.swift */ = {isa = PBXFileReference; lastKnownFileType = sourcecode.swift; path = CustomSegue.swift; sourceTree = "<group>"; };
		022788EF2378238600B88E0D /* SettingViewController.swift */ = {isa = PBXFileReference; lastKnownFileType = sourcecode.swift; path = SettingViewController.swift; sourceTree = "<group>"; };
		022788F1237830EA00B88E0D /* SettingTableViewCell.swift */ = {isa = PBXFileReference; lastKnownFileType = sourcecode.swift; path = SettingTableViewCell.swift; sourceTree = "<group>"; };
		022788F923784EA000B88E0D /* PlaceViewController.swift */ = {isa = PBXFileReference; lastKnownFileType = sourcecode.swift; name = PlaceViewController.swift; path = /Users/minsookim/Documents/developer/eightDays/eightDays/PlaceViewController.swift; sourceTree = "<absolute>"; };
		0227890023784FC400B88E0D /* PlaceMainTableViewCell.swift */ = {isa = PBXFileReference; lastKnownFileType = sourcecode.swift; path = PlaceMainTableViewCell.swift; sourceTree = "<group>"; };
		022789022378505B00B88E0D /* PlaceTextOnlyTableViewCell.swift */ = {isa = PBXFileReference; lastKnownFileType = sourcecode.swift; path = PlaceTextOnlyTableViewCell.swift; sourceTree = "<group>"; };
		024180E42369D54900185690 /* MainNavigationController.swift */ = {isa = PBXFileReference; lastKnownFileType = sourcecode.swift; path = MainNavigationController.swift; sourceTree = "<group>"; };
		0262245E2365AEC9008DD7E0 /* Place.swift */ = {isa = PBXFileReference; lastKnownFileType = sourcecode.swift; path = Place.swift; sourceTree = "<group>"; };
		026224602365AFF1008DD7E0 /* Weather.swift */ = {isa = PBXFileReference; lastKnownFileType = sourcecode.swift; path = Weather.swift; sourceTree = "<group>"; };
		026224622365B05A008DD7E0 /* Hotel.swift */ = {isa = PBXFileReference; lastKnownFileType = sourcecode.swift; path = Hotel.swift; sourceTree = "<group>"; };
		026224642365B0DE008DD7E0 /* Flight.swift */ = {isa = PBXFileReference; lastKnownFileType = sourcecode.swift; path = Flight.swift; sourceTree = "<group>"; };
		026224662365BE8F008DD7E0 /* MainTableViewCell.swift */ = {isa = PBXFileReference; lastKnownFileType = sourcecode.swift; path = MainTableViewCell.swift; sourceTree = "<group>"; };
		026224682365BFBC008DD7E0 /* MainTableViewController.swift */ = {isa = PBXFileReference; lastKnownFileType = sourcecode.swift; path = MainTableViewController.swift; sourceTree = "<group>"; };
		02F1D9592365E340003449BE /* GoogleService-Info.plist */ = {isa = PBXFileReference; fileEncoding = 4; lastKnownFileType = text.plist.xml; name = "GoogleService-Info.plist"; path = "../../../dev/deep learning/Lecture5/Week3/Trigger word detection/raw_data/GoogleService-Info.plist"; sourceTree = "<group>"; };
		02F2EE26236EE0B700195B95 /* CurationTableViewCell.swift */ = {isa = PBXFileReference; lastKnownFileType = sourcecode.swift; path = CurationTableViewCell.swift; sourceTree = "<group>"; };
		02F2EE28236EE34E00195B95 /* CurationCollectionViewCell.swift */ = {isa = PBXFileReference; lastKnownFileType = sourcecode.swift; path = CurationCollectionViewCell.swift; sourceTree = "<group>"; };
		13F94D76FB157099D5D8D3E3 /* Pods_eightDays.framework */ = {isa = PBXFileReference; explicitFileType = wrapper.framework; includeInIndex = 0; path = Pods_eightDays.framework; sourceTree = BUILT_PRODUCTS_DIR; };
		C341A1509626D7590F9AA3B8 /* Pods-eightDays.release.xcconfig */ = {isa = PBXFileReference; includeInIndex = 1; lastKnownFileType = text.xcconfig; name = "Pods-eightDays.release.xcconfig"; path = "Target Support Files/Pods-eightDays/Pods-eightDays.release.xcconfig"; sourceTree = "<group>"; };
		C5F3A6A020FC4ED4052F964F /* Pods-eightDays.debug.xcconfig */ = {isa = PBXFileReference; includeInIndex = 1; lastKnownFileType = text.xcconfig; name = "Pods-eightDays.debug.xcconfig"; path = "Target Support Files/Pods-eightDays/Pods-eightDays.debug.xcconfig"; sourceTree = "<group>"; };
/* End PBXFileReference section */

/* Begin PBXFrameworksBuildPhase section */
		02114806235C37B7003E77F0 /* Frameworks */ = {
			isa = PBXFrameworksBuildPhase;
			buildActionMask = 2147483647;
			files = (
				0E2F9A0FF166912EBFF30B9B /* Pods_eightDays.framework in Frameworks */,
			);
			runOnlyForDeploymentPostprocessing = 0;
		};
/* End PBXFrameworksBuildPhase section */

/* Begin PBXGroup section */
		02114800235C37B6003E77F0 = {
			isa = PBXGroup;
			children = (
				0211480B235C37B7003E77F0 /* eightDays */,
				0211480A235C37B7003E77F0 /* Products */,
				0C20E991FDBC548F8099EDA1 /* Pods */,
				E5D1ABCDBFB2D9862C3147B2 /* Frameworks */,
			);
			sourceTree = "<group>";
		};
		0211480A235C37B7003E77F0 /* Products */ = {
			isa = PBXGroup;
			children = (
				02114809235C37B7003E77F0 /* eightDays.app */,
			);
			name = Products;
			sourceTree = "<group>";
		};
		0211480B235C37B7003E77F0 /* eightDays */ = {
			isa = PBXGroup;
			children = (
				022788FF23784F9D00B88E0D /* PlaceViewCells */,
				022788FB23784F3D00B88E0D /* Controller */,
				0211480C235C37B7003E77F0 /* AppDelegate.swift */,
				0211480E235C37B7003E77F0 /* SceneDelegate.swift */,
				02114810235C37B7003E77F0 /* ViewController.swift */,
				02114812235C37B7003E77F0 /* Main.storyboard */,
				022788FE23784F7000B88E0D /* Cells */,
				022788ED23780F5900B88E0D /* CustomSegue.swift */,
				024180E42369D54900185690 /* MainNavigationController.swift */,
				022788FC23784F5300B88E0D /* Models */,
				02114818235C37BA003E77F0 /* Assets.xcassets */,
				0211481A235C37BA003E77F0 /* LaunchScreen.storyboard */,
				0211481D235C37BA003E77F0 /* Info.plist */,
				02114815235C37B7003E77F0 /* eightDays.xcdatamodeld */,
				02F1D9592365E340003449BE /* GoogleService-Info.plist */,
			);
			path = eightDays;
			sourceTree = "<group>";
		};
		022788FB23784F3D00B88E0D /* Controller */ = {
			isa = PBXGroup;
			children = (
				022788F923784EA000B88E0D /* PlaceViewController.swift */,
				026224682365BFBC008DD7E0 /* MainTableViewController.swift */,
				022788EB23780E9900B88E0D /* SearchViewController.swift */,
				022788EF2378238600B88E0D /* SettingViewController.swift */,
			);
			path = Controller;
			sourceTree = "<group>";
		};
		022788FC23784F5300B88E0D /* Models */ = {
			isa = PBXGroup;
			children = (
				0262245E2365AEC9008DD7E0 /* Place.swift */,
				026224602365AFF1008DD7E0 /* Weather.swift */,
				026224622365B05A008DD7E0 /* Hotel.swift */,
				026224642365B0DE008DD7E0 /* Flight.swift */,
			);
			path = Models;
			sourceTree = "<group>";
		};
		022788FE23784F7000B88E0D /* Cells */ = {
			isa = PBXGroup;
			children = (
				022788F1237830EA00B88E0D /* SettingTableViewCell.swift */,
				026224662365BE8F008DD7E0 /* MainTableViewCell.swift */,
				02F2EE26236EE0B700195B95 /* CurationTableViewCell.swift */,
				02F2EE28236EE34E00195B95 /* CurationCollectionViewCell.swift */,
			);
			path = Cells;
			sourceTree = "<group>";
		};
		022788FF23784F9D00B88E0D /* PlaceViewCells */ = {
			isa = PBXGroup;
			children = (
				0227890023784FC400B88E0D /* PlaceMainTableViewCell.swift */,
				022789022378505B00B88E0D /* PlaceTextOnlyTableViewCell.swift */,
			);
			path = PlaceViewCells;
			sourceTree = "<group>";
		};
		0C20E991FDBC548F8099EDA1 /* Pods */ = {
			isa = PBXGroup;
			children = (
				C5F3A6A020FC4ED4052F964F /* Pods-eightDays.debug.xcconfig */,
				C341A1509626D7590F9AA3B8 /* Pods-eightDays.release.xcconfig */,
			);
			path = Pods;
			sourceTree = "<group>";
		};
		E5D1ABCDBFB2D9862C3147B2 /* Frameworks */ = {
			isa = PBXGroup;
			children = (
				13F94D76FB157099D5D8D3E3 /* Pods_eightDays.framework */,
			);
			name = Frameworks;
			sourceTree = "<group>";
		};
/* End PBXGroup section */

/* Begin PBXNativeTarget section */
		02114808235C37B7003E77F0 /* eightDays */ = {
			isa = PBXNativeTarget;
			buildConfigurationList = 02114820235C37BA003E77F0 /* Build configuration list for PBXNativeTarget "eightDays" */;
			buildPhases = (
				F476246F49A57694A4792E1F /* [CP] Check Pods Manifest.lock */,
				02114805235C37B7003E77F0 /* Sources */,
				02114806235C37B7003E77F0 /* Frameworks */,
				02114807235C37B7003E77F0 /* Resources */,
				6B5E26D67FFB76864E60BA4C /* [CP] Embed Pods Frameworks */,
			);
			buildRules = (
			);
			dependencies = (
			);
			name = eightDays;
			productName = eightDays;
			productReference = 02114809235C37B7003E77F0 /* eightDays.app */;
			productType = "com.apple.product-type.application";
		};
/* End PBXNativeTarget section */

/* Begin PBXProject section */
		02114801235C37B7003E77F0 /* Project object */ = {
			isa = PBXProject;
			attributes = {
				LastSwiftUpdateCheck = 1110;
				LastUpgradeCheck = 1110;
				ORGANIZATIONNAME = "minsoo kim";
				TargetAttributes = {
					02114808235C37B7003E77F0 = {
						CreatedOnToolsVersion = 11.1;
					};
				};
			};
			buildConfigurationList = 02114804235C37B7003E77F0 /* Build configuration list for PBXProject "eightDays" */;
			compatibilityVersion = "Xcode 9.3";
			developmentRegion = en;
			hasScannedForEncodings = 0;
			knownRegions = (
				en,
				Base,
			);
			mainGroup = 02114800235C37B6003E77F0;
			productRefGroup = 0211480A235C37B7003E77F0 /* Products */;
			projectDirPath = "";
			projectRoot = "";
			targets = (
				02114808235C37B7003E77F0 /* eightDays */,
			);
		};
/* End PBXProject section */

/* Begin PBXResourcesBuildPhase section */
		02114807235C37B7003E77F0 /* Resources */ = {
			isa = PBXResourcesBuildPhase;
			buildActionMask = 2147483647;
			files = (
				0211481C235C37BA003E77F0 /* LaunchScreen.storyboard in Resources */,
				02F1D95A2365E340003449BE /* GoogleService-Info.plist in Resources */,
				02114819235C37BA003E77F0 /* Assets.xcassets in Resources */,
				02114814235C37B7003E77F0 /* Main.storyboard in Resources */,
			);
			runOnlyForDeploymentPostprocessing = 0;
		};
/* End PBXResourcesBuildPhase section */

/* Begin PBXShellScriptBuildPhase section */
		6B5E26D67FFB76864E60BA4C /* [CP] Embed Pods Frameworks */ = {
			isa = PBXShellScriptBuildPhase;
			buildActionMask = 2147483647;
			files = (
			);
			inputFileListPaths = (
				"${PODS_ROOT}/Target Support Files/Pods-eightDays/Pods-eightDays-frameworks-${CONFIGURATION}-input-files.xcfilelist",
			);
			name = "[CP] Embed Pods Frameworks";
			outputFileListPaths = (
				"${PODS_ROOT}/Target Support Files/Pods-eightDays/Pods-eightDays-frameworks-${CONFIGURATION}-output-files.xcfilelist",
			);
			runOnlyForDeploymentPostprocessing = 0;
			shellPath = /bin/sh;
			shellScript = "\"${PODS_ROOT}/Target Support Files/Pods-eightDays/Pods-eightDays-frameworks.sh\"\n";
			showEnvVarsInLog = 0;
		};
		F476246F49A57694A4792E1F /* [CP] Check Pods Manifest.lock */ = {
			isa = PBXShellScriptBuildPhase;
			buildActionMask = 2147483647;
			files = (
			);
			inputFileListPaths = (
			);
			inputPaths = (
				"${PODS_PODFILE_DIR_PATH}/Podfile.lock",
				"${PODS_ROOT}/Manifest.lock",
			);
			name = "[CP] Check Pods Manifest.lock";
			outputFileListPaths = (
			);
			outputPaths = (
				"$(DERIVED_FILE_DIR)/Pods-eightDays-checkManifestLockResult.txt",
			);
			runOnlyForDeploymentPostprocessing = 0;
			shellPath = /bin/sh;
			shellScript = "diff \"${PODS_PODFILE_DIR_PATH}/Podfile.lock\" \"${PODS_ROOT}/Manifest.lock\" > /dev/null\nif [ $? != 0 ] ; then\n    # print error to STDERR\n    echo \"error: The sandbox is not in sync with the Podfile.lock. Run 'pod install' or update your CocoaPods installation.\" >&2\n    exit 1\nfi\n# This output is used by Xcode 'outputs' to avoid re-running this script phase.\necho \"SUCCESS\" > \"${SCRIPT_OUTPUT_FILE_0}\"\n";
			showEnvVarsInLog = 0;
		};
/* End PBXShellScriptBuildPhase section */

/* Begin PBXSourcesBuildPhase section */
		02114805235C37B7003E77F0 /* Sources */ = {
			isa = PBXSourcesBuildPhase;
			buildActionMask = 2147483647;
			files = (
				02114817235C37B7003E77F0 /* eightDays.xcdatamodeld in Sources */,
				026224672365BE8F008DD7E0 /* MainTableViewCell.swift in Sources */,
				02114811235C37B7003E77F0 /* ViewController.swift in Sources */,
				022788F02378238600B88E0D /* SettingViewController.swift in Sources */,
				02F2EE29236EE34E00195B95 /* CurationCollectionViewCell.swift in Sources */,
				024180E52369D54900185690 /* MainNavigationController.swift in Sources */,
				0211480D235C37B7003E77F0 /* AppDelegate.swift in Sources */,
				02F2EE27236EE0B700195B95 /* CurationTableViewCell.swift in Sources */,
				0262245F2365AEC9008DD7E0 /* Place.swift in Sources */,
				022788EC23780E9900B88E0D /* SearchViewController.swift in Sources */,
				022788F2237830EA00B88E0D /* SettingTableViewCell.swift in Sources */,
				026224612365AFF1008DD7E0 /* Weather.swift in Sources */,
				022789032378505B00B88E0D /* PlaceTextOnlyTableViewCell.swift in Sources */,
				022788FA23784EA000B88E0D /* PlaceViewController.swift in Sources */,
				026224652365B0DE008DD7E0 /* Flight.swift in Sources */,
				0227890123784FC400B88E0D /* PlaceMainTableViewCell.swift in Sources */,
				0211480F235C37B7003E77F0 /* SceneDelegate.swift in Sources */,
				026224692365BFBC008DD7E0 /* MainTableViewController.swift in Sources */,
				022788EE23780F5900B88E0D /* CustomSegue.swift in Sources */,
				026224632365B05A008DD7E0 /* Hotel.swift in Sources */,
			);
			runOnlyForDeploymentPostprocessing = 0;
		};
/* End PBXSourcesBuildPhase section */

/* Begin PBXVariantGroup section */
		02114812235C37B7003E77F0 /* Main.storyboard */ = {
			isa = PBXVariantGroup;
			children = (
				02114813235C37B7003E77F0 /* Base */,
			);
			name = Main.storyboard;
			sourceTree = "<group>";
		};
		0211481A235C37BA003E77F0 /* LaunchScreen.storyboard */ = {
			isa = PBXVariantGroup;
			children = (
				0211481B235C37BA003E77F0 /* Base */,
			);
			name = LaunchScreen.storyboard;
			sourceTree = "<group>";
		};
/* End PBXVariantGroup section */

/* Begin XCBuildConfiguration section */
		0211481E235C37BA003E77F0 /* Debug */ = {
			isa = XCBuildConfiguration;
			buildSettings = {
				ALWAYS_SEARCH_USER_PATHS = NO;
				CLANG_ANALYZER_NONNULL = YES;
				CLANG_ANALYZER_NUMBER_OBJECT_CONVERSION = YES_AGGRESSIVE;
				CLANG_CXX_LANGUAGE_STANDARD = "gnu++14";
				CLANG_CXX_LIBRARY = "libc++";
				CLANG_ENABLE_MODULES = YES;
				CLANG_ENABLE_OBJC_ARC = YES;
				CLANG_ENABLE_OBJC_WEAK = YES;
				CLANG_WARN_BLOCK_CAPTURE_AUTORELEASING = YES;
				CLANG_WARN_BOOL_CONVERSION = YES;
				CLANG_WARN_COMMA = YES;
				CLANG_WARN_CONSTANT_CONVERSION = YES;
				CLANG_WARN_DEPRECATED_OBJC_IMPLEMENTATIONS = YES;
				CLANG_WARN_DIRECT_OBJC_ISA_USAGE = YES_ERROR;
				CLANG_WARN_DOCUMENTATION_COMMENTS = YES;
				CLANG_WARN_EMPTY_BODY = YES;
				CLANG_WARN_ENUM_CONVERSION = YES;
				CLANG_WARN_INFINITE_RECURSION = YES;
				CLANG_WARN_INT_CONVERSION = YES;
				CLANG_WARN_NON_LITERAL_NULL_CONVERSION = YES;
				CLANG_WARN_OBJC_IMPLICIT_RETAIN_SELF = YES;
				CLANG_WARN_OBJC_LITERAL_CONVERSION = YES;
				CLANG_WARN_OBJC_ROOT_CLASS = YES_ERROR;
				CLANG_WARN_RANGE_LOOP_ANALYSIS = YES;
				CLANG_WARN_STRICT_PROTOTYPES = YES;
				CLANG_WARN_SUSPICIOUS_MOVE = YES;
				CLANG_WARN_UNGUARDED_AVAILABILITY = YES_AGGRESSIVE;
				CLANG_WARN_UNREACHABLE_CODE = YES;
				CLANG_WARN__DUPLICATE_METHOD_MATCH = YES;
				COPY_PHASE_STRIP = NO;
				DEBUG_INFORMATION_FORMAT = dwarf;
				ENABLE_STRICT_OBJC_MSGSEND = YES;
				ENABLE_TESTABILITY = YES;
				GCC_C_LANGUAGE_STANDARD = gnu11;
				GCC_DYNAMIC_NO_PIC = NO;
				GCC_NO_COMMON_BLOCKS = YES;
				GCC_OPTIMIZATION_LEVEL = 0;
				GCC_PREPROCESSOR_DEFINITIONS = (
					"DEBUG=1",
					"$(inherited)",
				);
				GCC_WARN_64_TO_32_BIT_CONVERSION = YES;
				GCC_WARN_ABOUT_RETURN_TYPE = YES_ERROR;
				GCC_WARN_UNDECLARED_SELECTOR = YES;
				GCC_WARN_UNINITIALIZED_AUTOS = YES_AGGRESSIVE;
				GCC_WARN_UNUSED_FUNCTION = YES;
				GCC_WARN_UNUSED_VARIABLE = YES;
				IPHONEOS_DEPLOYMENT_TARGET = 13.1;
				MTL_ENABLE_DEBUG_INFO = INCLUDE_SOURCE;
				MTL_FAST_MATH = YES;
				ONLY_ACTIVE_ARCH = YES;
				SDKROOT = iphoneos;
				SWIFT_ACTIVE_COMPILATION_CONDITIONS = DEBUG;
				SWIFT_OPTIMIZATION_LEVEL = "-Onone";
			};
			name = Debug;
		};
		0211481F235C37BA003E77F0 /* Release */ = {
			isa = XCBuildConfiguration;
			buildSettings = {
				ALWAYS_SEARCH_USER_PATHS = NO;
				CLANG_ANALYZER_NONNULL = YES;
				CLANG_ANALYZER_NUMBER_OBJECT_CONVERSION = YES_AGGRESSIVE;
				CLANG_CXX_LANGUAGE_STANDARD = "gnu++14";
				CLANG_CXX_LIBRARY = "libc++";
				CLANG_ENABLE_MODULES = YES;
				CLANG_ENABLE_OBJC_ARC = YES;
				CLANG_ENABLE_OBJC_WEAK = YES;
				CLANG_WARN_BLOCK_CAPTURE_AUTORELEASING = YES;
				CLANG_WARN_BOOL_CONVERSION = YES;
				CLANG_WARN_COMMA = YES;
				CLANG_WARN_CONSTANT_CONVERSION = YES;
				CLANG_WARN_DEPRECATED_OBJC_IMPLEMENTATIONS = YES;
				CLANG_WARN_DIRECT_OBJC_ISA_USAGE = YES_ERROR;
				CLANG_WARN_DOCUMENTATION_COMMENTS = YES;
				CLANG_WARN_EMPTY_BODY = YES;
				CLANG_WARN_ENUM_CONVERSION = YES;
				CLANG_WARN_INFINITE_RECURSION = YES;
				CLANG_WARN_INT_CONVERSION = YES;
				CLANG_WARN_NON_LITERAL_NULL_CONVERSION = YES;
				CLANG_WARN_OBJC_IMPLICIT_RETAIN_SELF = YES;
				CLANG_WARN_OBJC_LITERAL_CONVERSION = YES;
				CLANG_WARN_OBJC_ROOT_CLASS = YES_ERROR;
				CLANG_WARN_RANGE_LOOP_ANALYSIS = YES;
				CLANG_WARN_STRICT_PROTOTYPES = YES;
				CLANG_WARN_SUSPICIOUS_MOVE = YES;
				CLANG_WARN_UNGUARDED_AVAILABILITY = YES_AGGRESSIVE;
				CLANG_WARN_UNREACHABLE_CODE = YES;
				CLANG_WARN__DUPLICATE_METHOD_MATCH = YES;
				COPY_PHASE_STRIP = NO;
				DEBUG_INFORMATION_FORMAT = "dwarf-with-dsym";
				ENABLE_NS_ASSERTIONS = NO;
				ENABLE_STRICT_OBJC_MSGSEND = YES;
				GCC_C_LANGUAGE_STANDARD = gnu11;
				GCC_NO_COMMON_BLOCKS = YES;
				GCC_WARN_64_TO_32_BIT_CONVERSION = YES;
				GCC_WARN_ABOUT_RETURN_TYPE = YES_ERROR;
				GCC_WARN_UNDECLARED_SELECTOR = YES;
				GCC_WARN_UNINITIALIZED_AUTOS = YES_AGGRESSIVE;
				GCC_WARN_UNUSED_FUNCTION = YES;
				GCC_WARN_UNUSED_VARIABLE = YES;
				IPHONEOS_DEPLOYMENT_TARGET = 13.1;
				MTL_ENABLE_DEBUG_INFO = NO;
				MTL_FAST_MATH = YES;
				SDKROOT = iphoneos;
				SWIFT_COMPILATION_MODE = wholemodule;
				SWIFT_OPTIMIZATION_LEVEL = "-O";
				VALIDATE_PRODUCT = YES;
			};
			name = Release;
		};
		02114821235C37BA003E77F0 /* Debug */ = {
			isa = XCBuildConfiguration;
			baseConfigurationReference = C5F3A6A020FC4ED4052F964F /* Pods-eightDays.debug.xcconfig */;
			buildSettings = {
				ASSETCATALOG_COMPILER_APPICON_NAME = AppIcon;
				CODE_SIGN_STYLE = Automatic;
				DEVELOPMENT_TEAM = CAVCZ3AJRJ;
				INFOPLIST_FILE = eightDays/Info.plist;
				LD_RUNPATH_SEARCH_PATHS = (
					"$(inherited)",
					"@executable_path/Frameworks",
				);
				PRODUCT_BUNDLE_IDENTIFIER = kr.ac.yonsei.minsookim.eightDays;
				PRODUCT_NAME = "$(TARGET_NAME)";
				SWIFT_VERSION = 5.0;
				TARGETED_DEVICE_FAMILY = "1,2";
			};
			name = Debug;
		};
		02114822235C37BA003E77F0 /* Release */ = {
			isa = XCBuildConfiguration;
			baseConfigurationReference = C341A1509626D7590F9AA3B8 /* Pods-eightDays.release.xcconfig */;
			buildSettings = {
				ASSETCATALOG_COMPILER_APPICON_NAME = AppIcon;
				CODE_SIGN_STYLE = Automatic;
				DEVELOPMENT_TEAM = CAVCZ3AJRJ;
				INFOPLIST_FILE = eightDays/Info.plist;
				LD_RUNPATH_SEARCH_PATHS = (
					"$(inherited)",
					"@executable_path/Frameworks",
				);
				PRODUCT_BUNDLE_IDENTIFIER = kr.ac.yonsei.minsookim.eightDays;
				PRODUCT_NAME = "$(TARGET_NAME)";
				SWIFT_VERSION = 5.0;
				TARGETED_DEVICE_FAMILY = "1,2";
			};
			name = Release;
		};
/* End XCBuildConfiguration section */

/* Begin XCConfigurationList section */
		02114804235C37B7003E77F0 /* Build configuration list for PBXProject "eightDays" */ = {
			isa = XCConfigurationList;
			buildConfigurations = (
				0211481E235C37BA003E77F0 /* Debug */,
				0211481F235C37BA003E77F0 /* Release */,
			);
			defaultConfigurationIsVisible = 0;
			defaultConfigurationName = Release;
		};
		02114820235C37BA003E77F0 /* Build configuration list for PBXNativeTarget "eightDays" */ = {
			isa = XCConfigurationList;
			buildConfigurations = (
				02114821235C37BA003E77F0 /* Debug */,
				02114822235C37BA003E77F0 /* Release */,
			);
			defaultConfigurationIsVisible = 0;
			defaultConfigurationName = Release;
		};
/* End XCConfigurationList section */

/* Begin XCVersionGroup section */
		02114815235C37B7003E77F0 /* eightDays.xcdatamodeld */ = {
			isa = XCVersionGroup;
			children = (
				02114816235C37B7003E77F0 /* eightDays.xcdatamodel */,
			);
			currentVersion = 02114816235C37B7003E77F0 /* eightDays.xcdatamodel */;
			path = eightDays.xcdatamodeld;
			sourceTree = "<group>";
			versionGroupType = wrapper.xcdatamodel;
		};
/* End XCVersionGroup section */
	};
	rootObject = 02114801235C37B7003E77F0 /* Project object */;
}
